
Microsoft Visual Studio Solution File, Format Version 12.00
# Visual Studio 15
VisualStudioVersion = 15.0.27703.2035
MinimumVisualStudioVersion = 10.0.40219.1
Project("{FAE04EC0-301F-11D3-BF4B-00C04F79EFBC}") = "archive-all-images", "archive-all-images\archive-all-images.csproj", "{12C95960-D53F-4683-A9DC-A44A1C518121}"
EndProject
Global
	GlobalSection(SolutionConfigurationPlatforms) = preSolution
		Debug|Any CPU = Debug|Any CPU
		Release|Any CPU = Release|Any CPU
	EndGlobalSection
	GlobalSection(ProjectConfigurationPlatforms) = postSolution
		{12C95960-D53F-4683-A9DC-A44A1C518121}.Debug|Any CPU.ActiveCfg = Debug|Any CPU
		{12C95960-D53F-4683-A9DC-A44A1C518121}.Debug|Any CPU.Build.0 = Debug|Any CPU
		{12C95960-D53F-4683-A9DC-A44A1C518121}.Release|Any CPU.ActiveCfg = Release|Any CPU
		{12C95960-D53F-4683-A9DC-A44A1C518121}.Release|Any CPU.Build.0 = Release|Any CPU
	EndGlobalSection
	GlobalSection(SolutionProperties) = preSolution
		HideSolutionNode = FALSE
	EndGlobalSection
	GlobalSection(ExtensibilityGlobals) = postSolution
		SolutionGuid = {277126F0-535E-4F88-A9F8-66978A5AE9DA}
	EndGlobalSection
EndGlobal
